// !$*UTF8*$!
{
	archiveVersion = 1;
	classes = {
	};
	objectVersion = 56;
	objects = {

/* Begin PBXBuildFile section */
		98B7196C2BA343330025CAF6 /* ChatBotApp.swift in Sources */ = {isa = PBXBuildFile; fileRef = 98B7196B2BA343330025CAF6 /* ChatBotApp.swift */; };
		98B7196E2BA343330025CAF6 /* ContentView.swift in Sources */ = {isa = PBXBuildFile; fileRef = 98B7196D2BA343330025CAF6 /* ContentView.swift */; };
		98B719702BA3433A0025CAF6 /* Assets.xcassets in Resources */ = {isa = PBXBuildFile; fileRef = 98B7196F2BA3433A0025CAF6 /* Assets.xcassets */; };
		98B719732BA3433A0025CAF6 /* Preview Assets.xcassets in Resources */ = {isa = PBXBuildFile; fileRef = 98B719722BA3433A0025CAF6 /* Preview Assets.xcassets */; };
		98B7197A2BA3436E0025CAF6 /* ChatView.swift in Sources */ = {isa = PBXBuildFile; fileRef = 98B719792BA3436E0025CAF6 /* ChatView.swift */; };
		98B7197C2BA345BC0025CAF6 /* ChatViewModel.swift in Sources */ = {isa = PBXBuildFile; fileRef = 98B7197B2BA345BC0025CAF6 /* ChatViewModel.swift */; };
		98B719812BA347900025CAF6 /* ChatModel.swift in Sources */ = {isa = PBXBuildFile; fileRef = 98B719802BA347900025CAF6 /* ChatModel.swift */; };
		98B719832BA35A0C0025CAF6 /* ChatMainContentView.swift in Sources */ = {isa = PBXBuildFile; fileRef = 98B719822BA35A0C0025CAF6 /* ChatMainContentView.swift */; };
		98B719852BA35C900025CAF6 /* ChatButtonsView.swift in Sources */ = {isa = PBXBuildFile; fileRef = 98B719842BA35C900025CAF6 /* ChatButtonsView.swift */; };
		98B719872BA363020025CAF6 /* ChatCardView.swift in Sources */ = {isa = PBXBuildFile; fileRef = 98B719862BA363020025CAF6 /* ChatCardView.swift */; };
		98B719892BA3630C0025CAF6 /* ChatTableView.swift in Sources */ = {isa = PBXBuildFile; fileRef = 98B719882BA3630C0025CAF6 /* ChatTableView.swift */; };
		98B7198C2BA489D20025CAF6 /* ChatNetworkService.swift in Sources */ = {isa = PBXBuildFile; fileRef = 98B7198B2BA489D20025CAF6 /* ChatNetworkService.swift */; };
/* End PBXBuildFile section */

/* Begin PBXFileReference section */
		98B719682BA343330025CAF6 /* ChatBot.app */ = {isa = PBXFileReference; explicitFileType = wrapper.application; includeInIndex = 0; path = ChatBot.app; sourceTree = BUILT_PRODUCTS_DIR; };
		98B7196B2BA343330025CAF6 /* ChatBotApp.swift */ = {isa = PBXFileReference; lastKnownFileType = sourcecode.swift; path = ChatBotApp.swift; sourceTree = "<group>"; };
		98B7196D2BA343330025CAF6 /* ContentView.swift */ = {isa = PBXFileReference; lastKnownFileType = sourcecode.swift; path = ContentView.swift; sourceTree = "<group>"; };
		98B7196F2BA3433A0025CAF6 /* Assets.xcassets */ = {isa = PBXFileReference; lastKnownFileType = folder.assetcatalog; path = Assets.xcassets; sourceTree = "<group>"; };
		98B719722BA3433A0025CAF6 /* Preview Assets.xcassets */ = {isa = PBXFileReference; lastKnownFileType = folder.assetcatalog; path = "Preview Assets.xcassets"; sourceTree = "<group>"; };
		98B719792BA3436E0025CAF6 /* ChatView.swift */ = {isa = PBXFileReference; lastKnownFileType = sourcecode.swift; path = ChatView.swift; sourceTree = "<group>"; };
		98B7197B2BA345BC0025CAF6 /* ChatViewModel.swift */ = {isa = PBXFileReference; lastKnownFileType = sourcecode.swift; path = ChatViewModel.swift; sourceTree = "<group>"; };
		98B719802BA347900025CAF6 /* ChatModel.swift */ = {isa = PBXFileReference; lastKnownFileType = sourcecode.swift; path = ChatModel.swift; sourceTree = "<group>"; };
		98B719822BA35A0C0025CAF6 /* ChatMainContentView.swift */ = {isa = PBXFileReference; lastKnownFileType = sourcecode.swift; path = ChatMainContentView.swift; sourceTree = "<group>"; };
		98B719842BA35C900025CAF6 /* ChatButtonsView.swift */ = {isa = PBXFileReference; lastKnownFileType = sourcecode.swift; path = ChatButtonsView.swift; sourceTree = "<group>"; };
		98B719862BA363020025CAF6 /* ChatCardView.swift */ = {isa = PBXFileReference; lastKnownFileType = sourcecode.swift; path = ChatCardView.swift; sourceTree = "<group>"; };
		98B719882BA3630C0025CAF6 /* ChatTableView.swift */ = {isa = PBXFileReference; lastKnownFileType = sourcecode.swift; path = ChatTableView.swift; sourceTree = "<group>"; };
		98B7198B2BA489D20025CAF6 /* ChatNetworkService.swift */ = {isa = PBXFileReference; lastKnownFileType = sourcecode.swift; path = ChatNetworkService.swift; sourceTree = "<group>"; };
/* End PBXFileReference section */

/* Begin PBXFrameworksBuildPhase section */
		98B719652BA343330025CAF6 /* Frameworks */ = {
			isa = PBXFrameworksBuildPhase;
			buildActionMask = 2147483647;
			files = (
			);
			runOnlyForDeploymentPostprocessing = 0;
		};
/* End PBXFrameworksBuildPhase section */

/* Begin PBXGroup section */
		98B7195F2BA343320025CAF6 = {
			isa = PBXGroup;
			children = (
				98B7196A2BA343330025CAF6 /* ChatBot */,
				98B719692BA343330025CAF6 /* Products */,
			);
			sourceTree = "<group>";
		};
		98B719692BA343330025CAF6 /* Products */ = {
			isa = PBXGroup;
			children = (
				98B719682BA343330025CAF6 /* ChatBot.app */,
			);
			name = Products;
			sourceTree = "<group>";
		};
		98B7196A2BA343330025CAF6 /* ChatBot */ = {
			isa = PBXGroup;
			children = (
				98B7198A2BA489B80025CAF6 /* Services */,
				98B7197F2BA346C40025CAF6 /* Models */,
				98B7197E2BA346B80025CAF6 /* ViewModels */,
				98B7197D2BA346AD0025CAF6 /* Views */,
				98B7196B2BA343330025CAF6 /* ChatBotApp.swift */,
				98B7196F2BA3433A0025CAF6 /* Assets.xcassets */,
				98B719712BA3433A0025CAF6 /* Preview Content */,
			);
			path = ChatBot;
			sourceTree = "<group>";
		};
		98B719712BA3433A0025CAF6 /* Preview Content */ = {
			isa = PBXGroup;
			children = (
				98B719722BA3433A0025CAF6 /* Preview Assets.xcassets */,
			);
			path = "Preview Content";
			sourceTree = "<group>";
		};
		98B7197D2BA346AD0025CAF6 /* Views */ = {
			isa = PBXGroup;
			children = (
				98B7196D2BA343330025CAF6 /* ContentView.swift */,
				98B719792BA3436E0025CAF6 /* ChatView.swift */,
				98B719822BA35A0C0025CAF6 /* ChatMainContentView.swift */,
				98B719842BA35C900025CAF6 /* ChatButtonsView.swift */,
				98B719862BA363020025CAF6 /* ChatCardView.swift */,
				98B719882BA3630C0025CAF6 /* ChatTableView.swift */,
			);
			path = Views;
			sourceTree = "<group>";
		};
		98B7197E2BA346B80025CAF6 /* ViewModels */ = {
			isa = PBXGroup;
			children = (
				98B7197B2BA345BC0025CAF6 /* ChatViewModel.swift */,
			);
			path = ViewModels;
			sourceTree = "<group>";
		};
		98B7197F2BA346C40025CAF6 /* Models */ = {
			isa = PBXGroup;
			children = (
				98B719802BA347900025CAF6 /* ChatModel.swift */,
			);
			path = Models;
			sourceTree = "<group>";
		};
		98B7198A2BA489B80025CAF6 /* Services */ = {
			isa = PBXGroup;
			children = (
				98B7198B2BA489D20025CAF6 /* ChatNetworkService.swift */,
			);
			path = Services;
			sourceTree = "<group>";
		};
/* End PBXGroup section */

/* Begin PBXNativeTarget section */
		98B719672BA343330025CAF6 /* ChatBot */ = {
			isa = PBXNativeTarget;
			buildConfigurationList = 98B719762BA3433A0025CAF6 /* Build configuration list for PBXNativeTarget "ChatBot" */;
			buildPhases = (
				98B719642BA343330025CAF6 /* Sources */,
				98B719652BA343330025CAF6 /* Frameworks */,
				98B719662BA343330025CAF6 /* Resources */,
			);
			buildRules = (
			);
			dependencies = (
			);
			name = ChatBot;
			productName = ChatBot;
			productReference = 98B719682BA343330025CAF6 /* ChatBot.app */;
			productType = "com.apple.product-type.application";
		};
/* End PBXNativeTarget section */

/* Begin PBXProject section */
		98B719602BA343320025CAF6 /* Project object */ = {
			isa = PBXProject;
			attributes = {
				BuildIndependentTargetsInParallel = 1;
				LastSwiftUpdateCheck = 1500;
				LastUpgradeCheck = 1500;
				TargetAttributes = {
					98B719672BA343330025CAF6 = {
						CreatedOnToolsVersion = 15.0;
					};
				};
			};
			buildConfigurationList = 98B719632BA343330025CAF6 /* Build configuration list for PBXProject "ChatBot" */;
			compatibilityVersion = "Xcode 14.0";
			developmentRegion = en;
			hasScannedForEncodings = 0;
			knownRegions = (
				en,
				Base,
			);
			mainGroup = 98B7195F2BA343320025CAF6;
			productRefGroup = 98B719692BA343330025CAF6 /* Products */;
			projectDirPath = "";
			projectRoot = "";
			targets = (
				98B719672BA343330025CAF6 /* ChatBot */,
			);
		};
/* End PBXProject section */

/* Begin PBXResourcesBuildPhase section */
		98B719662BA343330025CAF6 /* Resources */ = {
			isa = PBXResourcesBuildPhase;
			buildActionMask = 2147483647;
			files = (
				98B719732BA3433A0025CAF6 /* Preview Assets.xcassets in Resources */,
				98B719702BA3433A0025CAF6 /* Assets.xcassets in Resources */,
			);
			runOnlyForDeploymentPostprocessing = 0;
		};
/* End PBXResourcesBuildPhase section */

/* Begin PBXSourcesBuildPhase section */
		98B719642BA343330025CAF6 /* Sources */ = {
			isa = PBXSourcesBuildPhase;
			buildActionMask = 2147483647;
			files = (
				98B7198C2BA489D20025CAF6 /* ChatNetworkService.swift in Sources */,
				98B719812BA347900025CAF6 /* ChatModel.swift in Sources */,
				98B7196E2BA343330025CAF6 /* ContentView.swift in Sources */,
				98B719872BA363020025CAF6 /* ChatCardView.swift in Sources */,
				98B719852BA35C900025CAF6 /* ChatButtonsView.swift in Sources */,
				98B7197A2BA3436E0025CAF6 /* ChatView.swift in Sources */,
				98B7197C2BA345BC0025CAF6 /* ChatViewModel.swift in Sources */,
				98B719892BA3630C0025CAF6 /* ChatTableView.swift in Sources */,
				98B7196C2BA343330025CAF6 /* ChatBotApp.swift in Sources */,
				98B719832BA35A0C0025CAF6 /* ChatMainContentView.swift in Sources */,
			);
			runOnlyForDeploymentPostprocessing = 0;
		};
/* End PBXSourcesBuildPhase section */

/* Begin XCBuildConfiguration section */
		98B719742BA3433A0025CAF6 /* Debug */ = {
			isa = XCBuildConfiguration;
			buildSettings = {
				ALWAYS_SEARCH_USER_PATHS = NO;
				ASSETCATALOG_COMPILER_GENERATE_SWIFT_ASSET_SYMBOL_EXTENSIONS = YES;
				CLANG_ANALYZER_NONNULL = YES;
				CLANG_ANALYZER_NUMBER_OBJECT_CONVERSION = YES_AGGRESSIVE;
				CLANG_CXX_LANGUAGE_STANDARD = "gnu++20";
				CLANG_ENABLE_MODULES = YES;
				CLANG_ENABLE_OBJC_ARC = YES;
				CLANG_ENABLE_OBJC_WEAK = YES;
				CLANG_WARN_BLOCK_CAPTURE_AUTORELEASING = YES;
				CLANG_WARN_BOOL_CONVERSION = YES;
				CLANG_WARN_COMMA = YES;
				CLANG_WARN_CONSTANT_CONVERSION = YES;
				CLANG_WARN_DEPRECATED_OBJC_IMPLEMENTATIONS = YES;
				CLANG_WARN_DIRECT_OBJC_ISA_USAGE = YES_ERROR;
				CLANG_WARN_DOCUMENTATION_COMMENTS = YES;
				CLANG_WARN_EMPTY_BODY = YES;
				CLANG_WARN_ENUM_CONVERSION = YES;
				CLANG_WARN_INFINITE_RECURSION = YES;
				CLANG_WARN_INT_CONVERSION = YES;
				CLANG_WARN_NON_LITERAL_NULL_CONVERSION = YES;
				CLANG_WARN_OBJC_IMPLICIT_RETAIN_SELF = YES;
				CLANG_WARN_OBJC_LITERAL_CONVERSION = YES;
				CLANG_WARN_OBJC_ROOT_CLASS = YES_ERROR;
				CLANG_WARN_QUOTED_INCLUDE_IN_FRAMEWORK_HEADER = YES;
				CLANG_WARN_RANGE_LOOP_ANALYSIS = YES;
				CLANG_WARN_STRICT_PROTOTYPES = YES;
				CLANG_WARN_SUSPICIOUS_MOVE = YES;
				CLANG_WARN_UNGUARDED_AVAILABILITY = YES_AGGRESSIVE;
				CLANG_WARN_UNREACHABLE_CODE = YES;
				CLANG_WARN__DUPLICATE_METHOD_MATCH = YES;
				COPY_PHASE_STRIP = NO;
				DEBUG_INFORMATION_FORMAT = dwarf;
				ENABLE_STRICT_OBJC_MSGSEND = YES;
				ENABLE_TESTABILITY = YES;
				ENABLE_USER_SCRIPT_SANDBOXING = YES;
				GCC_C_LANGUAGE_STANDARD = gnu17;
				GCC_DYNAMIC_NO_PIC = NO;
				GCC_NO_COMMON_BLOCKS = YES;
				GCC_OPTIMIZATION_LEVEL = 0;
				GCC_PREPROCESSOR_DEFINITIONS = (
					"DEBUG=1",
					"$(inherited)",
				);
				GCC_WARN_64_TO_32_BIT_CONVERSION = YES;
				GCC_WARN_ABOUT_RETURN_TYPE = YES_ERROR;
				GCC_WARN_UNDECLARED_SELECTOR = YES;
				GCC_WARN_UNINITIALIZED_AUTOS = YES_AGGRESSIVE;
				GCC_WARN_UNUSED_FUNCTION = YES;
				GCC_WARN_UNUSED_VARIABLE = YES;
				IPHONEOS_DEPLOYMENT_TARGET = 17.0;
				LOCALIZATION_PREFERS_STRING_CATALOGS = YES;
				MTL_ENABLE_DEBUG_INFO = INCLUDE_SOURCE;
				MTL_FAST_MATH = YES;
				ONLY_ACTIVE_ARCH = YES;
				SDKROOT = iphoneos;
				SWIFT_ACTIVE_COMPILATION_CONDITIONS = "DEBUG $(inherited)";
				SWIFT_OPTIMIZATION_LEVEL = "-Onone";
			};
			name = Debug;
		};
		98B719752BA3433A0025CAF6 /* Release */ = {
			isa = XCBuildConfiguration;
			buildSettings = {
				ALWAYS_SEARCH_USER_PATHS = NO;
				ASSETCATALOG_COMPILER_GENERATE_SWIFT_ASSET_SYMBOL_EXTENSIONS = YES;
				CLANG_ANALYZER_NONNULL = YES;
				CLANG_ANALYZER_NUMBER_OBJECT_CONVERSION = YES_AGGRESSIVE;
				CLANG_CXX_LANGUAGE_STANDARD = "gnu++20";
				CLANG_ENABLE_MODULES = YES;
				CLANG_ENABLE_OBJC_ARC = YES;
				CLANG_ENABLE_OBJC_WEAK = YES;
				CLANG_WARN_BLOCK_CAPTURE_AUTORELEASING = YES;
				CLANG_WARN_BOOL_CONVERSION = YES;
				CLANG_WARN_COMMA = YES;
				CLANG_WARN_CONSTANT_CONVERSION = YES;
				CLANG_WARN_DEPRECATED_OBJC_IMPLEMENTATIONS = YES;
				CLANG_WARN_DIRECT_OBJC_ISA_USAGE = YES_ERROR;
				CLANG_WARN_DOCUMENTATION_COMMENTS = YES;
				CLANG_WARN_EMPTY_BODY = YES;
				CLANG_WARN_ENUM_CONVERSION = YES;
				CLANG_WARN_INFINITE_RECURSION = YES;
				CLANG_WARN_INT_CONVERSION = YES;
				CLANG_WARN_NON_LITERAL_NULL_CONVERSION = YES;
				CLANG_WARN_OBJC_IMPLICIT_RETAIN_SELF = YES;
				CLANG_WARN_OBJC_LITERAL_CONVERSION = YES;
				CLANG_WARN_OBJC_ROOT_CLASS = YES_ERROR;
				CLANG_WARN_QUOTED_INCLUDE_IN_FRAMEWORK_HEADER = YES;
				CLANG_WARN_RANGE_LOOP_ANALYSIS = YES;
				CLANG_WARN_STRICT_PROTOTYPES = YES;
				CLANG_WARN_SUSPICIOUS_MOVE = YES;
				CLANG_WARN_UNGUARDED_AVAILABILITY = YES_AGGRESSIVE;
				CLANG_WARN_UNREACHABLE_CODE = YES;
				CLANG_WARN__DUPLICATE_METHOD_MATCH = YES;
				COPY_PHASE_STRIP = NO;
				DEBUG_INFORMATION_FORMAT = "dwarf-with-dsym";
				ENABLE_NS_ASSERTIONS = NO;
				ENABLE_STRICT_OBJC_MSGSEND = YES;
				ENABLE_USER_SCRIPT_SANDBOXING = YES;
				GCC_C_LANGUAGE_STANDARD = gnu17;
				GCC_NO_COMMON_BLOCKS = YES;
				GCC_WARN_64_TO_32_BIT_CONVERSION = YES;
				GCC_WARN_ABOUT_RETURN_TYPE = YES_ERROR;
				GCC_WARN_UNDECLARED_SELECTOR = YES;
				GCC_WARN_UNINITIALIZED_AUTOS = YES_AGGRESSIVE;
				GCC_WARN_UNUSED_FUNCTION = YES;
				GCC_WARN_UNUSED_VARIABLE = YES;
				IPHONEOS_DEPLOYMENT_TARGET = 17.0;
				LOCALIZATION_PREFERS_STRING_CATALOGS = YES;
				MTL_ENABLE_DEBUG_INFO = NO;
				MTL_FAST_MATH = YES;
				SDKROOT = iphoneos;
				SWIFT_COMPILATION_MODE = wholemodule;
				VALIDATE_PRODUCT = YES;
			};
			name = Release;
		};
		98B719772BA3433A0025CAF6 /* Debug */ = {
			isa = XCBuildConfiguration;
			buildSettings = {
				ASSETCATALOG_COMPILER_APPICON_NAME = AppIcon;
				ASSETCATALOG_COMPILER_GLOBAL_ACCENT_COLOR_NAME = AccentColor;
				CODE_SIGN_STYLE = Automatic;
				CURRENT_PROJECT_VERSION = 1;
				DEVELOPMENT_ASSET_PATHS = "\"ChatBot/Preview Content\"";
				DEVELOPMENT_TEAM = PS87393A3H;
				ENABLE_PREVIEWS = YES;
				GENERATE_INFOPLIST_FILE = YES;
				INFOPLIST_KEY_UIApplicationSceneManifest_Generation = YES;
				INFOPLIST_KEY_UIApplicationSupportsIndirectInputEvents = YES;
				INFOPLIST_KEY_UILaunchScreen_Generation = YES;
				INFOPLIST_KEY_UISupportedInterfaceOrientations_iPad = "UIInterfaceOrientationPortrait UIInterfaceOrientationPortraitUpsideDown UIInterfaceOrientationLandscapeLeft UIInterfaceOrientationLandscapeRight";
				INFOPLIST_KEY_UISupportedInterfaceOrientations_iPhone = "UIInterfaceOrientationPortrait UIInterfaceOrientationLandscapeLeft UIInterfaceOrientationLandscapeRight";
				LD_RUNPATH_SEARCH_PATHS = (
					"$(inherited)",
					"@executable_path/Frameworks",
				);
				MARKETING_VERSION = 1.0;
				PRODUCT_BUNDLE_IDENTIFIER = sparklers.ChatBot;
				PRODUCT_NAME = "$(TARGET_NAME)";
				SWIFT_EMIT_LOC_STRINGS = YES;
				SWIFT_VERSION = 5.0;
				TARGETED_DEVICE_FAMILY = "1,2";
			};
			name = Debug;
		};
		98B719782BA3433A0025CAF6 /* Release */ = {
			isa = XCBuildConfiguration;
			buildSettings = {
				ASSETCATALOG_COMPILER_APPICON_NAME = AppIcon;
				ASSETCATALOG_COMPILER_GLOBAL_ACCENT_COLOR_NAME = AccentColor;
				CODE_SIGN_STYLE = Automatic;
				CURRENT_PROJECT_VERSION = 1;
				DEVELOPMENT_ASSET_PATHS = "\"ChatBot/Preview Content\"";
				DEVELOPMENT_TEAM = PS87393A3H;
				ENABLE_PREVIEWS = YES;
				GENERATE_INFOPLIST_FILE = YES;
				INFOPLIST_KEY_UIApplicationSceneManifest_Generation = YES;
				INFOPLIST_KEY_UIApplicationSupportsIndirectInputEvents = YES;
				INFOPLIST_KEY_UILaunchScreen_Generation = YES;
				INFOPLIST_KEY_UISupportedInterfaceOrientations_iPad = "UIInterfaceOrientationPortrait UIInterfaceOrientationPortraitUpsideDown UIInterfaceOrientationLandscapeLeft UIInterfaceOrientationLandscapeRight";
				INFOPLIST_KEY_UISupportedInterfaceOrientations_iPhone = "UIInterfaceOrientationPortrait UIInterfaceOrientationLandscapeLeft UIInterfaceOrientationLandscapeRight";
				LD_RUNPATH_SEARCH_PATHS = (
					"$(inherited)",
					"@executable_path/Frameworks",
				);
				MARKETING_VERSION = 1.0;
				PRODUCT_BUNDLE_IDENTIFIER = sparklers.ChatBot;
				PRODUCT_NAME = "$(TARGET_NAME)";
				SWIFT_EMIT_LOC_STRINGS = YES;
				SWIFT_VERSION = 5.0;
				TARGETED_DEVICE_FAMILY = "1,2";
			};
			name = Release;
		};
/* End XCBuildConfiguration section */

/* Begin XCConfigurationList section */
		98B719632BA343330025CAF6 /* Build configuration list for PBXProject "ChatBot" */ = {
			isa = XCConfigurationList;
			buildConfigurations = (
				98B719742BA3433A0025CAF6 /* Debug */,
				98B719752BA3433A0025CAF6 /* Release */,
			);
			defaultConfigurationIsVisible = 0;
			defaultConfigurationName = Release;
		};
		98B719762BA3433A0025CAF6 /* Build configuration list for PBXNativeTarget "ChatBot" */ = {
			isa = XCConfigurationList;
			buildConfigurations = (
				98B719772BA3433A0025CAF6 /* Debug */,
				98B719782BA3433A0025CAF6 /* Release */,
			);
			defaultConfigurationIsVisible = 0;
			defaultConfigurationName = Release;
		};
/* End XCConfigurationList section */
	};
	rootObject = 98B719602BA343320025CAF6 /* Project object */;
}
